{
    "version": "0.5",
    "requires": [
        "zlib/1.3.2#1cb806da49011867778ffb6ac7190fcb%1777900421.654",
        "stb/cci.20230920#ed79bd361e974a99137f214efb117eef%1773754981.079",
        "standardprojectsettings/0.2.0@ultimaker/stable#af70631ee980187032a76e136b293365%1764021860.722",
        "standardprojectsettings/0.2.0#af70631ee980187032a76e136b293365%1764021853.279",
        "spdlog/1.15.1#92e99f07f134481bce4b70c1a41060e7%1773754971.654",
        "scripta/1.1.0-alpha.0+b96045@ultimaker/testing#3786da67f9aa951719291aaab18d0785%1764021592.37",
        "rapidjson/cci.20230929#8dc0392af2b3aaea7312095f0ba53467%1773754962.641",
        "range-v3/0.12.0#4c05d91d7b40e6b91b44b5345ac64408%1773754956.702",
        "onetbb/2022.2.0#c46933bfdedba8347b631aa6fc9878cf%1751877943.273",
        "mapbox-wagyu/0.5.0@ultimaker/stable#e6cb299485b686893e07209fea6d5a0b%1764019536.976",
        "mapbox-variant/1.2.0#e0533cc4c1625d48a0238760e6c85e35%1773754946.526",
        "mapbox-geometry/2.0.3#1560d81c6cd8ea159ecbb748bf8b6090%1773754940.655",
        "libpng/1.6.48#dd0fc04a42b9a23bce065545a81d4847%1773754932.953",
        "hwloc/2.9.3#11acb96cf1e611d293bf90172fadff7d%1717065022.873",
        "fmt/11.1.3#8364f0feb23ee32e4b870455edb552ae%1773754926.611",
        "clipper/6.4.2@ultimaker/stable#7c8fe83a09fcb2e6adb118763eaa6e58%1766052350.195",
        "boost/1.88.0#0039d662d38ac48eccb9c764413dfd3a%1783338730.604"
    ],
    "build_requires": [
        "pkgconf/2.1.0#21f96520faf7660b99f872e956d2ac13%1755505630.82",
        "ninja/1.13.2#c8c5dc2a52ed6e4e42a66d75b4717ceb%1764096931.974",
        "meson/1.10.2#9d2d10681fe7fe61c788c58626c89b25%1775558003.754"
    ],
    "python_requires": [
        "sentrylibrary/1.0.0#004cb2aaa533fb28697dd9a302d652e8%1766066070.023",
        "npmpackage/1.2.0#6f3f48f7d2844e75af81a57e2389e510%1780171544.583"
    ],
    "config_requires": []
}
